
Microsoft Visual Studio Solution File, Format Version 12.00
# Visual Studio Version 16
VisualStudioVersion = 16.0.31410.357
MinimumVisualStudioVersion = 10.0.40219.1
Project("{FAE04EC0-301F-11D3-BF4B-00C04F79EFBC}") = "CraftingGUI", "CraftingGUI\CraftingGUI.csproj", "{FD6D431F-7EB0-47E7-A8BE-B29336124B2B}"
EndProject
Global
	GlobalSection(SolutionConfigurationPlatforms) = preSolution
		Debug|Any CPU = Debug|Any CPU
		Release|Any CPU = Release|Any CPU
	EndGlobalSection
	GlobalSection(ProjectConfigurationPlatforms) = postSolution
		{FD6D431F-7EB0-47E7-A8BE-B29336124B2B}.Debug|Any CPU.ActiveCfg = Debug|Any CPU
		{FD6D431F-7EB0-47E7-A8BE-B29336124B2B}.Debug|Any CPU.Build.0 = Debug|Any CPU
		{FD6D431F-7EB0-47E7-A8BE-B29336124B2B}.Release|Any CPU.ActiveCfg = Release|Any CPU
		{FD6D431F-7EB0-47E7-A8BE-B29336124B2B}.Release|Any CPU.Build.0 = Release|Any CPU
	EndGlobalSection
	GlobalSection(SolutionProperties) = preSolution
		HideSolutionNode = FALSE
	EndGlobalSection
	GlobalSection(ExtensibilityGlobals) = postSolution
		SolutionGuid = {FC4346D7-8CAE-434F-83EF-755DEC9DC6C9}
	EndGlobalSection
EndGlobal
